{
  "originHash" : "8eb1244e9211e50e770fc4869efbef7a651ea975cbd3e102dfdea7338917869f",
  "pins" : [
    {
      "identity" : "approov-ios-sdk",
      "kind" : "remoteSourceControl",
      "location" : "https://github.com/approov/approov-ios-sdk.git",
      "state" : {
        "revision" : "ddeee49a8116df7e48daddbe2eebcdacf642eab8",
        "version" : "3.5.3"
      }
    },
    {
      "identity" : "approov-service-ios-webview",
      "kind" : "remoteSourceControl",
      "location" : "https://github.com/approov/approov-service-ios-webview.git",
      "state" : {
        "revision" : "b5ccdf0a35c26841aef5154e969289edb23014c6",
        "version" : "0.1.0"
      }
    },
    {
      "identity" : "approov-service-urlsession",
      "kind" : "remoteSourceControl",
      "location" : "https://github.com/approov/approov-service-urlsession.git",
      "state" : {
        "revision" : "840cb8de753367c18862a486e610eee3cba5c19a",
        "version" : "3.5.6"
      }
    },
    {
      "identity" : "swift-http-structured-headers",
      "kind" : "remoteSourceControl",
      "location" : "https://github.com/apple/swift-http-structured-headers.git",
      "state" : {
        "revision" : "76d7627bd88b47bf5a0f8497dd244885960dde0b",
        "version" : "1.6.0"
      }
    }
  ],
  "version" : 3
}
